// !$*UTF8*$!
{
	archiveVersion = 1;
	classes = {
	};
	objectVersion = 63;
	objects = {

/* Begin PBXBuildFile section */
		1A3176872D94C8F300C24FBA /* MyMapViewController.swift in Sources */ = {isa = PBXBuildFile; fileRef = 1A3176862D94C8F300C24FBA /* MyMapViewController.swift */; };
		1A31768B2D94D90600C24FBA /* SettingsViewController.swift in Sources */ = {isa = PBXBuildFile; fileRef = 1A31768A2D94D90600C24FBA /* SettingsViewController.swift */; };
		9C5B34AA2D9508FD009DD3DA /* HelpScreenViewController.swift in Sources */ = {isa = PBXBuildFile; fileRef = 9C5B34A92D9508FD009DD3DA /* HelpScreenViewController.swift */; };
		9C6D51232D7E665B00E4D02A /* AppDelegate.swift in Sources */ = {isa = PBXBuildFile; fileRef = 9C6D51192D7E665B00E4D02A /* AppDelegate.swift */; };
		9C6D51242D7E665B00E4D02A /* SceneDelegate.swift in Sources */ = {isa = PBXBuildFile; fileRef = 9C6D51202D7E665B00E4D02A /* SceneDelegate.swift */; };
		9C6D51252D7E665B00E4D02A /* ViewController.swift in Sources */ = {isa = PBXBuildFile; fileRef = 9C6D51212D7E665B00E4D02A /* ViewController.swift */; };
		9C6D51262D7E665B00E4D02A /* Assets.xcassets in Resources */ = {isa = PBXBuildFile; fileRef = 9C6D511A2D7E665B00E4D02A /* Assets.xcassets */; };
		9C6D51282D7E665B00E4D02A /* LaunchScreen.storyboard in Resources */ = {isa = PBXBuildFile; fileRef = 9C6D511D2D7E665B00E4D02A /* LaunchScreen.storyboard */; };
		9C6D51292D7E665B00E4D02A /* Main.storyboard in Resources */ = {isa = PBXBuildFile; fileRef = 9C6D511F2D7E665B00E4D02A /* Main.storyboard */; };
		CE7955932D8F7BA10080F31B /* Level-1.png in Resources */ = {isa = PBXBuildFile; fileRef = CE7955922D8F7BA00080F31B /* Level-1.png */; };
		CE7955952D8F7BA60080F31B /* Level-2.png in Resources */ = {isa = PBXBuildFile; fileRef = CE7955942D8F7BA60080F31B /* Level-2.png */; };
		CE7955972D8F7BAB0080F31B /* Level-3.png in Resources */ = {isa = PBXBuildFile; fileRef = CE7955962D8F7BAB0080F31B /* Level-3.png */; };
		CE7955992D8F7ED20080F31B /* IndoorMapView.swift in Sources */ = {isa = PBXBuildFile; fileRef = CE7955982D8F7ED20080F31B /* IndoorMapView.swift */; };
		CE7E1CCB2D7FCBD20072D5B8 /* GoogleService-Info.plist in Resources */ = {isa = PBXBuildFile; fileRef = CE7E1CCA2D7FCBD20072D5B8 /* GoogleService-Info.plist */; };
		CE7E1CCF2D7FCFE10072D5B8 /* FirebaseCore in Frameworks */ = {isa = PBXBuildFile; productRef = CE7E1CCE2D7FCFE10072D5B8 /* FirebaseCore */; };
		CE7E1CD52D87E2C50072D5B8 /* FirebaseDatabase in Frameworks */ = {isa = PBXBuildFile; productRef = CE7E1CD42D87E2C50072D5B8 /* FirebaseDatabase */; };
		CE7E1CD72D87E41F0072D5B8 /* FirebaseFirestore in Frameworks */ = {isa = PBXBuildFile; productRef = CE7E1CD62D87E41F0072D5B8 /* FirebaseFirestore */; };
		CE7E1CD92D87E5950072D5B8 /* FirebaseFirestoreCombine-Community in Frameworks */ = {isa = PBXBuildFile; productRef = CE7E1CD82D87E5950072D5B8 /* FirebaseFirestoreCombine-Community */; };
		CE90C5F62D89BE750075D1BA /* MapViewController.swift in Sources */ = {isa = PBXBuildFile; fileRef = CE90C5F52D89BE750075D1BA /* MapViewController.swift */; };
		9CA249632D8223CC003117FC /* .gitignore in Resources */ = {isa = PBXBuildFile; fileRef = 9CA249622D8223C4003117FC /* .gitignore */; };
		9CB3C2BE2D88886300893C65 /* Localizable.xcstrings in Resources */ = {isa = PBXBuildFile; fileRef = 9CB3C2BC2D88886300893C65 /* Localizable.xcstrings */; };
		9C6D513E2D7E6FC900E4D02A /* Info.plist in Resources */ = {isa = PBXBuildFile; fileRef = 9C6D511B2D7E665B00E4D02A /* Info.plist */; };
		CE7E1CCB2D7FCBD20072D5B8 /* GoogleService-Info.plist in Resources */ = {isa = PBXBuildFile; fileRef = CE7E1CCA2D7FCBD20072D5B8 /* GoogleService-Info.plist */; };
/* End PBXBuildFile section */

/* Begin PBXFileReference section */
		1A3176862D94C8F300C24FBA /* MyMapViewController.swift */ = {isa = PBXFileReference; lastKnownFileType = sourcecode.swift; path = MyMapViewController.swift; sourceTree = "<group>"; };
		1A31768A2D94D90600C24FBA /* SettingsViewController.swift */ = {isa = PBXFileReference; lastKnownFileType = sourcecode.swift; path = SettingsViewController.swift; sourceTree = "<group>"; };
		9C5B34A92D9508FD009DD3DA /* HelpScreenViewController.swift */ = {isa = PBXFileReference; lastKnownFileType = sourcecode.swift; path = HelpScreenViewController.swift; sourceTree = "<group>"; };
		9C6D51192D7E665B00E4D02A /* AppDelegate.swift */ = {isa = PBXFileReference; lastKnownFileType = sourcecode.swift; path = AppDelegate.swift; sourceTree = "<group>"; };
		9C6D511A2D7E665B00E4D02A /* Assets.xcassets */ = {isa = PBXFileReference; lastKnownFileType = folder.assetcatalog; path = Assets.xcassets; sourceTree = "<group>"; };
		9C6D511C2D7E665B00E4D02A /* Base */ = {isa = PBXFileReference; lastKnownFileType = file.storyboard; name = Base; path = Base.lproj/LaunchScreen.storyboard; sourceTree = "<group>"; };
		9C6D511E2D7E665B00E4D02A /* Base */ = {isa = PBXFileReference; lastKnownFileType = file.storyboard; name = Base; path = Base.lproj/Main.storyboard; sourceTree = "<group>"; };
		9C6D51202D7E665B00E4D02A /* SceneDelegate.swift */ = {isa = PBXFileReference; lastKnownFileType = sourcecode.swift; path = SceneDelegate.swift; sourceTree = "<group>"; };
		9C6D51212D7E665B00E4D02A /* ViewController.swift */ = {isa = PBXFileReference; lastKnownFileType = sourcecode.swift; path = ViewController.swift; sourceTree = "<group>"; };
		9CA249622D8223C4003117FC /* .gitignore */ = {isa = PBXFileReference; lastKnownFileType = text; path = .gitignore; sourceTree = "<group>"; };
		9CB3C2B12D88831400893C65 /* en-GB */ = {isa = PBXFileReference; lastKnownFileType = text.plist.strings; name = "en-GB"; path = "en-GB.lproj/LaunchScreen.strings"; sourceTree = "<group>"; };
		9CB3C2B22D88831400893C65 /* en-GB */ = {isa = PBXFileReference; lastKnownFileType = text.plist.strings; name = "en-GB"; path = "en-GB.lproj/Main.strings"; sourceTree = "<group>"; };
		9CB3C2B32D88832900893C65 /* es */ = {isa = PBXFileReference; lastKnownFileType = text.plist.strings; name = es; path = es.lproj/LaunchScreen.strings; sourceTree = "<group>"; };
		9CB3C2B42D88832900893C65 /* es */ = {isa = PBXFileReference; lastKnownFileType = text.plist.strings; name = es; path = es.lproj/Main.strings; sourceTree = "<group>"; };
		9CB3C2B52D88833300893C65 /* fr-CA */ = {isa = PBXFileReference; lastKnownFileType = text.plist.strings; name = "fr-CA"; path = "fr-CA.lproj/LaunchScreen.strings"; sourceTree = "<group>"; };
		9CB3C2B62D88833300893C65 /* fr-CA */ = {isa = PBXFileReference; lastKnownFileType = text.plist.strings; name = "fr-CA"; path = "fr-CA.lproj/Main.strings"; sourceTree = "<group>"; };
		9CB3C2BC2D88886300893C65 /* Localizable.xcstrings */ = {isa = PBXFileReference; lastKnownFileType = text.json.xcstrings; path = Localizable.xcstrings; sourceTree = "<group>"; };
		9CB3C2BF2D88888D00893C65 /* fr */ = {isa = PBXFileReference; lastKnownFileType = text.plist.strings; name = fr; path = fr.lproj/LaunchScreen.strings; sourceTree = "<group>"; };
		9CB3C2C02D88888D00893C65 /* fr */ = {isa = PBXFileReference; lastKnownFileType = text.plist.strings; name = fr; path = fr.lproj/Main.strings; sourceTree = "<group>"; };
		9CCB85E92D7CBD4900DE8D5F /* FindCare.app */ = {isa = PBXFileReference; explicitFileType = wrapper.application; includeInIndex = 0; path = FindCare.app; sourceTree = BUILT_PRODUCTS_DIR; };
		CE7955922D8F7BA00080F31B /* Level-1.png */ = {isa = PBXFileReference; lastKnownFileType = image.png; path = "Level-1.png"; sourceTree = "<group>"; };
		CE7955942D8F7BA60080F31B /* Level-2.png */ = {isa = PBXFileReference; lastKnownFileType = image.png; path = "Level-2.png"; sourceTree = "<group>"; };
		CE7955962D8F7BAB0080F31B /* Level-3.png */ = {isa = PBXFileReference; lastKnownFileType = image.png; path = "Level-3.png"; sourceTree = "<group>"; };
		CE7955982D8F7ED20080F31B /* IndoorMapView.swift */ = {isa = PBXFileReference; lastKnownFileType = sourcecode.swift; path = IndoorMapView.swift; sourceTree = "<group>"; };
		CE7E1CCA2D7FCBD20072D5B8 /* GoogleService-Info.plist */ = {isa = PBXFileReference; fileEncoding = 4; lastKnownFileType = text.plist.xml; path = "GoogleService-Info.plist"; sourceTree = "<group>"; };
		CE90C5F52D89BE750075D1BA /* MapViewController.swift */ = {isa = PBXFileReference; lastKnownFileType = sourcecode.swift; path = MapViewController.swift; sourceTree = "<group>"; };
		CEF9800A2D87F671003F8A8F /* Info.plist */ = {isa = PBXFileReference; fileEncoding = 4; lastKnownFileType = text.plist.xml; name = Info.plist; path = ../../Info.plist; sourceTree = "<group>"; };
/* End PBXFileReference section */

/* Begin PBXFrameworksBuildPhase section */
		9CCB85E62D7CBD4900DE8D5F /* Frameworks */ = {
			isa = PBXFrameworksBuildPhase;
			buildActionMask = 2147483647;
			files = (
				CE7E1CD52D87E2C50072D5B8 /* FirebaseDatabase in Frameworks */,
				CE7E1CD92D87E5950072D5B8 /* FirebaseFirestoreCombine-Community in Frameworks */,
				CE7E1CCF2D7FCFE10072D5B8 /* FirebaseCore in Frameworks */,
				CE7E1CD72D87E41F0072D5B8 /* FirebaseFirestore in Frameworks */,
			);
			runOnlyForDeploymentPostprocessing = 0;
		};
/* End PBXFrameworksBuildPhase section */

/* Begin PBXGroup section */
		9C6D51222D7E665B00E4D02A /* FindCare */ = {
			isa = PBXGroup;
			children = (
				CE7955912D8F7B8C0080F31B /* Images */,
				9CB3C2BD2D88886300893C65 /* Resources */,
				9CA249622D8223C4003117FC /* .gitignore */,
				9C6D51192D7E665B00E4D02A /* AppDelegate.swift */,
				9C6D511A2D7E665B00E4D02A /* Assets.xcassets */,
				CE7E1CCA2D7FCBD20072D5B8 /* GoogleService-Info.plist */,
				CEF9800A2D87F671003F8A8F /* Info.plist */,
				9C6D511D2D7E665B00E4D02A /* LaunchScreen.storyboard */,
				9C6D511F2D7E665B00E4D02A /* Main.storyboard */,
				9C6D51202D7E665B00E4D02A /* SceneDelegate.swift */,
				9C6D51212D7E665B00E4D02A /* ViewController.swift */,
				CE90C5F52D89BE750075D1BA /* MapViewController.swift */,
				CE7955982D8F7ED20080F31B /* IndoorMapView.swift */,
				1A3176862D94C8F300C24FBA /* MyMapViewController.swift */,
				1A31768A2D94D90600C24FBA /* SettingsViewController.swift */,
				9C5B34A92D9508FD009DD3DA /* HelpScreenViewController.swift */,
			);
			path = FindCare;
			sourceTree = "<group>";
		};
		9CB3C2BD2D88886300893C65 /* Resources */ = {
			isa = PBXGroup;
			children = (
				9CB3C2BC2D88886300893C65 /* Localizable.xcstrings */,
			);
			path = Resources;
			sourceTree = "<group>";
		};
		9CCB85E02D7CBD4900DE8D5F = {
			isa = PBXGroup;
			children = (
				9C6D51222D7E665B00E4D02A /* FindCare */,
				9CCB85EA2D7CBD4900DE8D5F /* Products */,
				CE7E1CCD2D7FCFE00072D5B8 /* Frameworks */,
			);
			sourceTree = "<group>";
		};
		9CCB85EA2D7CBD4900DE8D5F /* Products */ = {
			isa = PBXGroup;
			children = (
				9CCB85E92D7CBD4900DE8D5F /* FindCare.app */,
			);
			name = Products;
			sourceTree = "<group>";
		};
		CE7955912D8F7B8C0080F31B /* Images */ = {
			isa = PBXGroup;
			children = (
				CE7955922D8F7BA00080F31B /* Level-1.png */,
				CE7955942D8F7BA60080F31B /* Level-2.png */,
				CE7955962D8F7BAB0080F31B /* Level-3.png */,
			);
			path = Images;
			sourceTree = "<group>";
		};
		CE7E1CCD2D7FCFE00072D5B8 /* Frameworks */ = {
			isa = PBXGroup;
			children = (
			);
			name = Frameworks;
			sourceTree = "<group>";
		};
/* End PBXGroup section */

/* Begin PBXNativeTarget section */
		9CCB85E82D7CBD4900DE8D5F /* FindCare */ = {
			isa = PBXNativeTarget;
			buildConfigurationList = 9CCB85FC2D7CBD4A00DE8D5F /* Build configuration list for PBXNativeTarget "FindCare" */;
			buildPhases = (
				9CCB85E52D7CBD4900DE8D5F /* Sources */,
				9CCB85E62D7CBD4900DE8D5F /* Frameworks */,
				9CCB85E72D7CBD4900DE8D5F /* Resources */,
			);
			buildRules = (
			);
			dependencies = (
			);
			name = FindCare;
			packageProductDependencies = (
				CE7E1CCE2D7FCFE10072D5B8 /* FirebaseCore */,
				CE7E1CD42D87E2C50072D5B8 /* FirebaseDatabase */,
				CE7E1CD62D87E41F0072D5B8 /* FirebaseFirestore */,
				CE7E1CD82D87E5950072D5B8 /* FirebaseFirestoreCombine-Community */,
			);
			productName = FindCare;
			productReference = 9CCB85E92D7CBD4900DE8D5F /* FindCare.app */;
			productType = "com.apple.product-type.application";
		};
/* End PBXNativeTarget section */

/* Begin PBXProject section */
		9CCB85E12D7CBD4900DE8D5F /* Project object */ = {
			isa = PBXProject;
			attributes = {
				BuildIndependentTargetsInParallel = 1;
				LastSwiftUpdateCheck = 1620;
				LastUpgradeCheck = 1620;
				TargetAttributes = {
					9CCB85E82D7CBD4900DE8D5F = {
						CreatedOnToolsVersion = 16.2;
					};
				};
			};
			buildConfigurationList = 9CCB85E42D7CBD4900DE8D5F /* Build configuration list for PBXProject "FindCare" */;
			compatibilityVersion = "Xcode 15.0";
			developmentRegion = en;
			hasScannedForEncodings = 0;
			knownRegions = (
				en,
				Base,
				"en-GB",
				es,
				"fr-CA",
				fr,
			);
			mainGroup = 9CCB85E02D7CBD4900DE8D5F;
			minimizedProjectReferenceProxies = 1;
			packageReferences = (
				CE7E1CCC2D7FCF910072D5B8 /* XCRemoteSwiftPackageReference "firebase-ios-sdk" */,
			);
			productRefGroup = 9CCB85EA2D7CBD4900DE8D5F /* Products */;
			projectDirPath = "";
			projectRoot = "";
			targets = (
				9CCB85E82D7CBD4900DE8D5F /* FindCare */,
			);
		};
/* End PBXProject section */

/* Begin PBXResourcesBuildPhase section */
		9CCB85E72D7CBD4900DE8D5F /* Resources */ = {
			isa = PBXResourcesBuildPhase;
			buildActionMask = 2147483647;
			files = (
				CE7955972D8F7BAB0080F31B /* Level-3.png in Resources */,
				9CA249632D8223CC003117FC /* .gitignore in Resources */,
				9CB3C2BE2D88886300893C65 /* Localizable.xcstrings in Resources */,
				9C6D51262D7E665B00E4D02A /* Assets.xcassets in Resources */,
				CE7E1CCB2D7FCBD20072D5B8 /* GoogleService-Info.plist in Resources */,
				9C6D51282D7E665B00E4D02A /* LaunchScreen.storyboard in Resources */,
				CE7955952D8F7BA60080F31B /* Level-2.png in Resources */,
				9C6D51292D7E665B00E4D02A /* Main.storyboard in Resources */,
				CE7955932D8F7BA10080F31B /* Level-1.png in Resources */,
			);
			runOnlyForDeploymentPostprocessing = 0;
		};
/* End PBXResourcesBuildPhase section */

/* Begin PBXSourcesBuildPhase section */
		9CCB85E52D7CBD4900DE8D5F /* Sources */ = {
			isa = PBXSourcesBuildPhase;
			buildActionMask = 2147483647;
			files = (
				CE7955992D8F7ED20080F31B /* IndoorMapView.swift in Sources */,
				9C6D51232D7E665B00E4D02A /* AppDelegate.swift in Sources */,
				9C6D51242D7E665B00E4D02A /* SceneDelegate.swift in Sources */,
				9C6D51252D7E665B00E4D02A /* ViewController.swift in Sources */,
				CE90C5F62D89BE750075D1BA /* MapViewController.swift in Sources */,
				1A31768B2D94D90600C24FBA /* SettingsViewController.swift in Sources */,
				1A3176872D94C8F300C24FBA /* MyMapViewController.swift in Sources */,
				9C5B34AA2D9508FD009DD3DA /* HelpScreenViewController.swift in Sources */,
			);
			runOnlyForDeploymentPostprocessing = 0;
		};
/* End PBXSourcesBuildPhase section */

/* Begin PBXVariantGroup section */
		9C6D511D2D7E665B00E4D02A /* LaunchScreen.storyboard */ = {
			isa = PBXVariantGroup;
			children = (
				9C6D511C2D7E665B00E4D02A /* Base */,
				9CB3C2B12D88831400893C65 /* en-GB */,
				9CB3C2B32D88832900893C65 /* es */,
				9CB3C2B52D88833300893C65 /* fr-CA */,
				9CB3C2BF2D88888D00893C65 /* fr */,
			);
			name = LaunchScreen.storyboard;
			sourceTree = "<group>";
		};
		9C6D511F2D7E665B00E4D02A /* Main.storyboard */ = {
			isa = PBXVariantGroup;
			children = (
				9C6D511E2D7E665B00E4D02A /* Base */,
				9CB3C2B22D88831400893C65 /* en-GB */,
				9CB3C2B42D88832900893C65 /* es */,
				9CB3C2B62D88833300893C65 /* fr-CA */,
				9CB3C2C02D88888D00893C65 /* fr */,
			);
			name = Main.storyboard;
			sourceTree = "<group>";
		};
/* End PBXVariantGroup section */

/* Begin XCBuildConfiguration section */
		9CCB85FD2D7CBD4A00DE8D5F /* Debug */ = {
			isa = XCBuildConfiguration;
			buildSettings = {
				ASSETCATALOG_COMPILER_APPICON_NAME = AppIcon;
				ASSETCATALOG_COMPILER_GLOBAL_ACCENT_COLOR_NAME = AccentColor;
				CODE_SIGN_STYLE = Automatic;
				CURRENT_PROJECT_VERSION = 1;
				GENERATE_INFOPLIST_FILE = YES;
				INFOPLIST_FILE = FindCare/Info.plist;
				INFOPLIST_KEY_UIApplicationSupportsIndirectInputEvents = YES;
				INFOPLIST_KEY_UILaunchStoryboardName = LaunchScreen;
				INFOPLIST_KEY_UIMainStoryboardFile = Main;
				INFOPLIST_KEY_UISupportedInterfaceOrientations_iPad = "UIInterfaceOrientationPortrait UIInterfaceOrientationPortraitUpsideDown UIInterfaceOrientationLandscapeLeft UIInterfaceOrientationLandscapeRight";
				INFOPLIST_KEY_UISupportedInterfaceOrientations_iPhone = "UIInterfaceOrientationPortrait UIInterfaceOrientationLandscapeLeft UIInterfaceOrientationLandscapeRight";
				IPHONEOS_DEPLOYMENT_TARGET = 17.5;
				LD_RUNPATH_SEARCH_PATHS = (
					"$(inherited)",
					"@executable_path/Frameworks",
				);
				MARKETING_VERSION = 1.0;
				PRODUCT_BUNDLE_IDENTIFIER = asook.FindCare;
				PRODUCT_NAME = "$(TARGET_NAME)";
				SWIFT_EMIT_LOC_STRINGS = YES;
				SWIFT_VERSION = 5.0;
				TARGETED_DEVICE_FAMILY = "1,2";
			};
			name = Debug;
		};
		9CCB85FE2D7CBD4A00DE8D5F /* Release */ = {
			isa = XCBuildConfiguration;
			buildSettings = {
				ASSETCATALOG_COMPILER_APPICON_NAME = AppIcon;
				ASSETCATALOG_COMPILER_GLOBAL_ACCENT_COLOR_NAME = AccentColor;
				CODE_SIGN_STYLE = Automatic;
				CURRENT_PROJECT_VERSION = 1;
				GENERATE_INFOPLIST_FILE = YES;
				INFOPLIST_FILE = FindCare/Info.plist;
				INFOPLIST_KEY_UIApplicationSupportsIndirectInputEvents = YES;
				INFOPLIST_KEY_UILaunchStoryboardName = LaunchScreen;
				INFOPLIST_KEY_UIMainStoryboardFile = Main;
				INFOPLIST_KEY_UISupportedInterfaceOrientations_iPad = "UIInterfaceOrientationPortrait UIInterfaceOrientationPortraitUpsideDown UIInterfaceOrientationLandscapeLeft UIInterfaceOrientationLandscapeRight";
				INFOPLIST_KEY_UISupportedInterfaceOrientations_iPhone = "UIInterfaceOrientationPortrait UIInterfaceOrientationLandscapeLeft UIInterfaceOrientationLandscapeRight";
				IPHONEOS_DEPLOYMENT_TARGET = 17.5;
				LD_RUNPATH_SEARCH_PATHS = (
					"$(inherited)",
					"@executable_path/Frameworks",
				);
				MARKETING_VERSION = 1.0;
				PRODUCT_BUNDLE_IDENTIFIER = asook.FindCare;
				PRODUCT_NAME = "$(TARGET_NAME)";
				SWIFT_EMIT_LOC_STRINGS = YES;
				SWIFT_VERSION = 5.0;
				TARGETED_DEVICE_FAMILY = "1,2";
			};
			name = Release;
		};
		9CCB85FF2D7CBD4A00DE8D5F /* Debug */ = {
			isa = XCBuildConfiguration;
			buildSettings = {
				ALWAYS_SEARCH_USER_PATHS = NO;
				ASSETCATALOG_COMPILER_GENERATE_SWIFT_ASSET_SYMBOL_EXTENSIONS = YES;
				CLANG_ANALYZER_LOCALIZABILITY_NONLOCALIZED = YES;
				CLANG_ANALYZER_NONNULL = YES;
				CLANG_ANALYZER_NUMBER_OBJECT_CONVERSION = YES_AGGRESSIVE;
				CLANG_CXX_LANGUAGE_STANDARD = "gnu++20";
				CLANG_ENABLE_MODULES = YES;
				CLANG_ENABLE_OBJC_ARC = YES;
				CLANG_ENABLE_OBJC_WEAK = YES;
				CLANG_WARN_BLOCK_CAPTURE_AUTORELEASING = YES;
				CLANG_WARN_BOOL_CONVERSION = YES;
				CLANG_WARN_COMMA = YES;
				CLANG_WARN_CONSTANT_CONVERSION = YES;
				CLANG_WARN_DEPRECATED_OBJC_IMPLEMENTATIONS = YES;
				CLANG_WARN_DIRECT_OBJC_ISA_USAGE = YES_ERROR;
				CLANG_WARN_DOCUMENTATION_COMMENTS = YES;
				CLANG_WARN_EMPTY_BODY = YES;
				CLANG_WARN_ENUM_CONVERSION = YES;
				CLANG_WARN_INFINITE_RECURSION = YES;
				CLANG_WARN_INT_CONVERSION = YES;
				CLANG_WARN_NON_LITERAL_NULL_CONVERSION = YES;
				CLANG_WARN_OBJC_IMPLICIT_RETAIN_SELF = YES;
				CLANG_WARN_OBJC_LITERAL_CONVERSION = YES;
				CLANG_WARN_OBJC_ROOT_CLASS = YES_ERROR;
				CLANG_WARN_QUOTED_INCLUDE_IN_FRAMEWORK_HEADER = YES;
				CLANG_WARN_RANGE_LOOP_ANALYSIS = YES;
				CLANG_WARN_STRICT_PROTOTYPES = YES;
				CLANG_WARN_SUSPICIOUS_MOVE = YES;
				CLANG_WARN_UNGUARDED_AVAILABILITY = YES_AGGRESSIVE;
				CLANG_WARN_UNREACHABLE_CODE = YES;
				CLANG_WARN__DUPLICATE_METHOD_MATCH = YES;
				COPY_PHASE_STRIP = NO;
				DEBUG_INFORMATION_FORMAT = dwarf;
				ENABLE_STRICT_OBJC_MSGSEND = YES;
				ENABLE_TESTABILITY = YES;
				ENABLE_USER_SCRIPT_SANDBOXING = YES;
				GCC_C_LANGUAGE_STANDARD = gnu17;
				GCC_DYNAMIC_NO_PIC = NO;
				GCC_NO_COMMON_BLOCKS = YES;
				GCC_OPTIMIZATION_LEVEL = 0;
				GCC_PREPROCESSOR_DEFINITIONS = (
					"DEBUG=1",
					"$(inherited)",
				);
				GCC_WARN_64_TO_32_BIT_CONVERSION = YES;
				GCC_WARN_ABOUT_RETURN_TYPE = YES_ERROR;
				GCC_WARN_UNDECLARED_SELECTOR = YES;
				GCC_WARN_UNINITIALIZED_AUTOS = YES_AGGRESSIVE;
				GCC_WARN_UNUSED_FUNCTION = YES;
				GCC_WARN_UNUSED_VARIABLE = YES;
				IPHONEOS_DEPLOYMENT_TARGET = 18.2;
				LOCALIZATION_PREFERS_STRING_CATALOGS = YES;
				MTL_ENABLE_DEBUG_INFO = INCLUDE_SOURCE;
				MTL_FAST_MATH = YES;
				ONLY_ACTIVE_ARCH = YES;
				SDKROOT = iphoneos;
				SWIFT_ACTIVE_COMPILATION_CONDITIONS = "DEBUG $(inherited)";
				SWIFT_EMIT_LOC_STRINGS = YES;
				SWIFT_OPTIMIZATION_LEVEL = "-Onone";
			};
			name = Debug;
		};
		9CCB86002D7CBD4A00DE8D5F /* Release */ = {
			isa = XCBuildConfiguration;
			buildSettings = {
				ALWAYS_SEARCH_USER_PATHS = NO;
				ASSETCATALOG_COMPILER_GENERATE_SWIFT_ASSET_SYMBOL_EXTENSIONS = YES;
				CLANG_ANALYZER_LOCALIZABILITY_NONLOCALIZED = YES;
				CLANG_ANALYZER_NONNULL = YES;
				CLANG_ANALYZER_NUMBER_OBJECT_CONVERSION = YES_AGGRESSIVE;
				CLANG_CXX_LANGUAGE_STANDARD = "gnu++20";
				CLANG_ENABLE_MODULES = YES;
				CLANG_ENABLE_OBJC_ARC = YES;
				CLANG_ENABLE_OBJC_WEAK = YES;
				CLANG_WARN_BLOCK_CAPTURE_AUTORELEASING = YES;
				CLANG_WARN_BOOL_CONVERSION = YES;
				CLANG_WARN_COMMA = YES;
				CLANG_WARN_CONSTANT_CONVERSION = YES;
				CLANG_WARN_DEPRECATED_OBJC_IMPLEMENTATIONS = YES;
				CLANG_WARN_DIRECT_OBJC_ISA_USAGE = YES_ERROR;
				CLANG_WARN_DOCUMENTATION_COMMENTS = YES;
				CLANG_WARN_EMPTY_BODY = YES;
				CLANG_WARN_ENUM_CONVERSION = YES;
				CLANG_WARN_INFINITE_RECURSION = YES;
				CLANG_WARN_INT_CONVERSION = YES;
				CLANG_WARN_NON_LITERAL_NULL_CONVERSION = YES;
				CLANG_WARN_OBJC_IMPLICIT_RETAIN_SELF = YES;
				CLANG_WARN_OBJC_LITERAL_CONVERSION = YES;
				CLANG_WARN_OBJC_ROOT_CLASS = YES_ERROR;
				CLANG_WARN_QUOTED_INCLUDE_IN_FRAMEWORK_HEADER = YES;
				CLANG_WARN_RANGE_LOOP_ANALYSIS = YES;
				CLANG_WARN_STRICT_PROTOTYPES = YES;
				CLANG_WARN_SUSPICIOUS_MOVE = YES;
				CLANG_WARN_UNGUARDED_AVAILABILITY = YES_AGGRESSIVE;
				CLANG_WARN_UNREACHABLE_CODE = YES;
				CLANG_WARN__DUPLICATE_METHOD_MATCH = YES;
				COPY_PHASE_STRIP = NO;
				DEBUG_INFORMATION_FORMAT = "dwarf-with-dsym";
				ENABLE_NS_ASSERTIONS = NO;
				ENABLE_STRICT_OBJC_MSGSEND = YES;
				ENABLE_USER_SCRIPT_SANDBOXING = YES;
				GCC_C_LANGUAGE_STANDARD = gnu17;
				GCC_NO_COMMON_BLOCKS = YES;
				GCC_WARN_64_TO_32_BIT_CONVERSION = YES;
				GCC_WARN_ABOUT_RETURN_TYPE = YES_ERROR;
				GCC_WARN_UNDECLARED_SELECTOR = YES;
				GCC_WARN_UNINITIALIZED_AUTOS = YES_AGGRESSIVE;
				GCC_WARN_UNUSED_FUNCTION = YES;
				GCC_WARN_UNUSED_VARIABLE = YES;
				IPHONEOS_DEPLOYMENT_TARGET = 18.2;
				LOCALIZATION_PREFERS_STRING_CATALOGS = YES;
				MTL_ENABLE_DEBUG_INFO = NO;
				MTL_FAST_MATH = YES;
				SDKROOT = iphoneos;
				SWIFT_COMPILATION_MODE = wholemodule;
				SWIFT_EMIT_LOC_STRINGS = YES;
				VALIDATE_PRODUCT = YES;
			};
			name = Release;
		};
/* End XCBuildConfiguration section */

/* Begin XCConfigurationList section */
		9CCB85E42D7CBD4900DE8D5F /* Build configuration list for PBXProject "FindCare" */ = {
			isa = XCConfigurationList;
			buildConfigurations = (
				9CCB85FF2D7CBD4A00DE8D5F /* Debug */,
				9CCB86002D7CBD4A00DE8D5F /* Release */,
			);
			defaultConfigurationIsVisible = 0;
			defaultConfigurationName = Release;
		};
		9CCB85FC2D7CBD4A00DE8D5F /* Build configuration list for PBXNativeTarget "FindCare" */ = {
			isa = XCConfigurationList;
			buildConfigurations = (
				9CCB85FD2D7CBD4A00DE8D5F /* Debug */,
				9CCB85FE2D7CBD4A00DE8D5F /* Release */,
			);
			defaultConfigurationIsVisible = 0;
			defaultConfigurationName = Release;
		};
/* End XCConfigurationList section */

/* Begin XCRemoteSwiftPackageReference section */
		CE7E1CCC2D7FCF910072D5B8 /* XCRemoteSwiftPackageReference "firebase-ios-sdk" */ = {
			isa = XCRemoteSwiftPackageReference;
			repositoryURL = "https://github.com/firebase/firebase-ios-sdk";
			requirement = {
				kind = upToNextMajorVersion;
				minimumVersion = 11.9.0;
			};
		};
/* End XCRemoteSwiftPackageReference section */

/* Begin XCSwiftPackageProductDependency section */
		CE7E1CCE2D7FCFE10072D5B8 /* FirebaseCore */ = {
			isa = XCSwiftPackageProductDependency;
			package = CE7E1CCC2D7FCF910072D5B8 /* XCRemoteSwiftPackageReference "firebase-ios-sdk" */;
			productName = FirebaseCore;
		};
		CE7E1CD42D87E2C50072D5B8 /* FirebaseDatabase */ = {
			isa = XCSwiftPackageProductDependency;
			package = CE7E1CCC2D7FCF910072D5B8 /* XCRemoteSwiftPackageReference "firebase-ios-sdk" */;
			productName = FirebaseDatabase;
		};
		CE7E1CD62D87E41F0072D5B8 /* FirebaseFirestore */ = {
			isa = XCSwiftPackageProductDependency;
			package = CE7E1CCC2D7FCF910072D5B8 /* XCRemoteSwiftPackageReference "firebase-ios-sdk" */;
			productName = FirebaseFirestore;
		};
		CE7E1CD82D87E5950072D5B8 /* FirebaseFirestoreCombine-Community */ = {
			isa = XCSwiftPackageProductDependency;
			package = CE7E1CCC2D7FCF910072D5B8 /* XCRemoteSwiftPackageReference "firebase-ios-sdk" */;
			productName = "FirebaseFirestoreCombine-Community";
		};
/* End XCSwiftPackageProductDependency section */
	};
	rootObject = 9CCB85E12D7CBD4900DE8D5F /* Project object */;
}
